
Microsoft Visual Studio Solution File, Format Version 12.00
# Visual Studio Version 17
VisualStudioVersion = 17.7.34031.279
MinimumVisualStudioVersion = 10.0.40219.1
Project("{FAE04EC0-301F-11D3-BF4B-00C04F79EFBC}") = "cw8-2", "cw8-2\cw8-2.csproj", "{F613016A-8E8E-4B67-8D0D-E349E6A46446}"
EndProject
Global
	GlobalSection(SolutionConfigurationPlatforms) = preSolution
		Debug|Any CPU = Debug|Any CPU
		Release|Any CPU = Release|Any CPU
	EndGlobalSection
	GlobalSection(ProjectConfigurationPlatforms) = postSolution
		{F613016A-8E8E-4B67-8D0D-E349E6A46446}.Debug|Any CPU.ActiveCfg = Debug|Any CPU
		{F613016A-8E8E-4B67-8D0D-E349E6A46446}.Debug|Any CPU.Build.0 = Debug|Any CPU
		{F613016A-8E8E-4B67-8D0D-E349E6A46446}.Release|Any CPU.ActiveCfg = Release|Any CPU
		{F613016A-8E8E-4B67-8D0D-E349E6A46446}.Release|Any CPU.Build.0 = Release|Any CPU
	EndGlobalSection
	GlobalSection(SolutionProperties) = preSolution
		HideSolutionNode = FALSE
	EndGlobalSection
	GlobalSection(ExtensibilityGlobals) = postSolution
		SolutionGuid = {1B23FCB6-9CC8-4501-BFD1-428E64141D45}
	EndGlobalSection
EndGlobal
